
Microsoft Visual Studio Solution File, Format Version 12.00
# Visual Studio Version 16
VisualStudioVersion = 16.0.29509.3
MinimumVisualStudioVersion = 10.0.40219.1
Project("{9A19103F-16F7-4668-BE54-9A1E7A4F7556}") = "Mediador", "Mediador\Mediador.csproj", "{24631A11-E81E-4ABC-8587-17C1F169A6BD}"
EndProject
Project("{9A19103F-16F7-4668-BE54-9A1E7A4F7556}") = "Mediador2", "Mediador2\Mediador2.csproj", "{0C4D2CEB-117C-4B98-955B-233973DE8825}"
EndProject
Project("{9A19103F-16F7-4668-BE54-9A1E7A4F7556}") = "MediadorUI", "UI\MediadorUI.csproj", "{C8EE06BE-B9CF-4FDF-AA89-C3C295DFCA45}"
EndProject
Project("{9A19103F-16F7-4668-BE54-9A1E7A4F7556}") = "Observer", "Observer\Observer.csproj", "{3EE3C161-CA9C-4FBD-ABB2-D96D6ADC60D5}"
EndProject
Project("{9A19103F-16F7-4668-BE54-9A1E7A4F7556}") = "Mediador3", "Mediador3\Mediador3.csproj", "{766A1AB1-1974-4368-84EB-E2705BE063BD}"
EndProject
Global
	GlobalSection(SolutionConfigurationPlatforms) = preSolution
		Debug|Any CPU = Debug|Any CPU
		Release|Any CPU = Release|Any CPU
	EndGlobalSection
	GlobalSection(ProjectConfigurationPlatforms) = postSolution
		{24631A11-E81E-4ABC-8587-17C1F169A6BD}.Debug|Any CPU.ActiveCfg = Debug|Any CPU
		{24631A11-E81E-4ABC-8587-17C1F169A6BD}.Debug|Any CPU.Build.0 = Debug|Any CPU
		{24631A11-E81E-4ABC-8587-17C1F169A6BD}.Release|Any CPU.ActiveCfg = Release|Any CPU
		{24631A11-E81E-4ABC-8587-17C1F169A6BD}.Release|Any CPU.Build.0 = Release|Any CPU
		{0C4D2CEB-117C-4B98-955B-233973DE8825}.Debug|Any CPU.ActiveCfg = Debug|Any CPU
		{0C4D2CEB-117C-4B98-955B-233973DE8825}.Debug|Any CPU.Build.0 = Debug|Any CPU
		{0C4D2CEB-117C-4B98-955B-233973DE8825}.Release|Any CPU.ActiveCfg = Release|Any CPU
		{0C4D2CEB-117C-4B98-955B-233973DE8825}.Release|Any CPU.Build.0 = Release|Any CPU
		{C8EE06BE-B9CF-4FDF-AA89-C3C295DFCA45}.Debug|Any CPU.ActiveCfg = Debug|Any CPU
		{C8EE06BE-B9CF-4FDF-AA89-C3C295DFCA45}.Debug|Any CPU.Build.0 = Debug|Any CPU
		{C8EE06BE-B9CF-4FDF-AA89-C3C295DFCA45}.Release|Any CPU.ActiveCfg = Release|Any CPU
		{C8EE06BE-B9CF-4FDF-AA89-C3C295DFCA45}.Release|Any CPU.Build.0 = Release|Any CPU
		{3EE3C161-CA9C-4FBD-ABB2-D96D6ADC60D5}.Debug|Any CPU.ActiveCfg = Debug|Any CPU
		{3EE3C161-CA9C-4FBD-ABB2-D96D6ADC60D5}.Debug|Any CPU.Build.0 = Debug|Any CPU
		{3EE3C161-CA9C-4FBD-ABB2-D96D6ADC60D5}.Release|Any CPU.ActiveCfg = Release|Any CPU
		{3EE3C161-CA9C-4FBD-ABB2-D96D6ADC60D5}.Release|Any CPU.Build.0 = Release|Any CPU
		{766A1AB1-1974-4368-84EB-E2705BE063BD}.Debug|Any CPU.ActiveCfg = Debug|Any CPU
		{766A1AB1-1974-4368-84EB-E2705BE063BD}.Debug|Any CPU.Build.0 = Debug|Any CPU
		{766A1AB1-1974-4368-84EB-E2705BE063BD}.Release|Any CPU.ActiveCfg = Release|Any CPU
		{766A1AB1-1974-4368-84EB-E2705BE063BD}.Release|Any CPU.Build.0 = Release|Any CPU
	EndGlobalSection
	GlobalSection(SolutionProperties) = preSolution
		HideSolutionNode = FALSE
	EndGlobalSection
	GlobalSection(ExtensibilityGlobals) = postSolution
		SolutionGuid = {85B1D00A-2346-4EF0-92CB-5D84FA797611}
	EndGlobalSection
EndGlobal
